
Microsoft Visual Studio Solution File, Format Version 12.00
# Visual Studio Version 16
VisualStudioVersion = 16.0.33927.289
MinimumVisualStudioVersion = 10.0.40219.1
Project("{2150E333-8FDC-42A3-9474-1A3956D46DE8}") = "Task1", "Task1", "{E78A0F12-A2DF-4514-9034-20040CDEADA3}"
EndProject
Project("{2150E333-8FDC-42A3-9474-1A3956D46DE8}") = "Task2", "Task2", "{B6EE4B49-677E-4072-A7FA-C47E355E2168}"
EndProject
Project("{2150E333-8FDC-42A3-9474-1A3956D46DE8}") = "Task0", "Task0", "{CA08FF7A-8369-42EE-AD75-749EE89E2D41}"
EndProject
Project("{FAE04EC0-301F-11D3-BF4B-00C04F79EFBC}") = "Tyuiu.ShunanovKE.Sprint1.Task0.V30", "Tyuiu.ShunanovKE.Sprint1.Task0.V30\Tyuiu.ShunanovKE.Sprint1.Task0.V30.csproj", "{21B45C98-9332-4445-B9D7-63F06EF1E7CE}"
EndProject
Project("{FAE04EC0-301F-11D3-BF4B-00C04F79EFBC}") = "Tyuiu.ShunanovKE.Sprint1.Task0.V30.Lib", "Tyuiu.ShunanovKE.Sprint1.Task0.V30.Lib\Tyuiu.ShunanovKE.Sprint1.Task0.V30.Lib.csproj", "{39A4F85C-AA03-4B05-A4F9-01FB110859D6}"
EndProject
Project("{FAE04EC0-301F-11D3-BF4B-00C04F79EFBC}") = "Tyuiu.ShunanovKE.Sprint1.Task0.V30.Test", "Tyuiu.ShunanovKE.Sprint1.Task0.V30.Test\Tyuiu.ShunanovKE.Sprint1.Task0.V30.Test.csproj", "{2FDA2B3C-18E3-44F4-8F16-2CC4C6049837}"
EndProject
Project("{FAE04EC0-301F-11D3-BF4B-00C04F79EFBC}") = "Tyuiu.ShunanovKE.Sprint1.Task1.V26", "Tyuiu.ShunanovKE.Sprint1.Task1.V26\Tyuiu.ShunanovKE.Sprint1.Task1.V26.csproj", "{3AA93B63-A8E3-4957-A9B4-28E80EC5BC57}"
EndProject
Project("{FAE04EC0-301F-11D3-BF4B-00C04F79EFBC}") = "Tyuiu.ShunanovKE.Sprint1.Task1.V26.Lib", "Tyuiu.ShunanovKE.Sprint1.Task1.V26.Lib\Tyuiu.ShunanovKE.Sprint1.Task1.V26.Lib.csproj", "{86624311-0723-4B29-9ED6-335F591F2680}"
EndProject
Project("{FAE04EC0-301F-11D3-BF4B-00C04F79EFBC}") = "Tyuiu.ShunanovKE.Sprint1.Task1.V26.Test", "Tyuiu.ShunanovKE.Sprint1.Task1.V26.Test\Tyuiu.ShunanovKE.Sprint1.Task1.V26.Test.csproj", "{ECB83255-9852-49FE-9BAA-85C295887428}"
EndProject
Project("{FAE04EC0-301F-11D3-BF4B-00C04F79EFBC}") = "Tyuiu.ShunanovKE.Sprint1.Task2.V14", "Tyuiu.ShunanovKE.Sprint1.Task2.V14\Tyuiu.ShunanovKE.Sprint1.Task2.V14.csproj", "{24948E68-6C6E-4843-B973-754EEACDA82A}"
EndProject
Project("{FAE04EC0-301F-11D3-BF4B-00C04F79EFBC}") = "Tyuiu.ShunanovKE.Sprint1.Task2.V14.Lib", "Tyuiu.ShunanovKE.Sprint1.Task2.V14.Lib\Tyuiu.ShunanovKE.Sprint1.Task2.V14.Lib.csproj", "{9717218A-3EDE-466E-A2F3-26A2DAEA5EDB}"
EndProject
Project("{FAE04EC0-301F-11D3-BF4B-00C04F79EFBC}") = "Tyuiu.ShunanovKE.Sprint1.Task2.V14.Test", "Tyuiu.ShunanovKE.Sprint1.Task2.V14.Test\Tyuiu.ShunanovKE.Sprint1.Task2.V14.Test.csproj", "{BD7FD2A2-B26C-4BD1-ACBD-6B181682E150}"
EndProject
Project("{2150E333-8FDC-42A3-9474-1A3956D46DE8}") = "Task3", "Task3", "{BB8667A5-7E93-4AFF-A0BB-5C686BAF8E97}"
EndProject
Project("{FAE04EC0-301F-11D3-BF4B-00C04F79EFBC}") = "Tyuiu.ShunanovKE.Sprint1.Task3.V15", "Tyuiu.ShunanovKE.Sprint1.Task3.V15\Tyuiu.ShunanovKE.Sprint1.Task3.V15.csproj", "{B87E2D5C-4E1C-47ED-AA8E-29CE8E3CA5B1}"
EndProject
Project("{FAE04EC0-301F-11D3-BF4B-00C04F79EFBC}") = "Tyuiu.ShunanovKE.Sprint1.Task3.V15.Lib", "Tyuiu.ShunanovKE.Sprint1.Task3.V15.Lib\Tyuiu.ShunanovKE.Sprint1.Task3.V15.Lib.csproj", "{154155C0-1868-4A38-8B7B-9B97BD66969C}"
EndProject
Project("{FAE04EC0-301F-11D3-BF4B-00C04F79EFBC}") = "Tyuiu.ShunanovKE.Sprint1.Task3.V15.Test", "Tyuiu.ShunanovKE.Sprint1.Task3.V15.Test\Tyuiu.ShunanovKE.Sprint1.Task3.V15.Test.csproj", "{219404A3-EAFC-456C-8BB5-2CC7F5918E62}"
EndProject
Project("{2150E333-8FDC-42A3-9474-1A3956D46DE8}") = "Task4", "Task4", "{F1761E27-B9DD-4184-A238-E338A4F7D021}"
EndProject
Project("{FAE04EC0-301F-11D3-BF4B-00C04F79EFBC}") = "Tyuiu.ShunanovKE.Sprint1.Task4.V13.Lib", "Tyuiu.ShunanovKE.Sprint1.Task4.V13.Lib\Tyuiu.ShunanovKE.Sprint1.Task4.V13.Lib.csproj", "{200B1276-26DD-4D68-B776-4FAABCD5EEA4}"
EndProject
Project("{FAE04EC0-301F-11D3-BF4B-00C04F79EFBC}") = "Tyuiu.ShunanovKE.Sprint1.Task4.V13", "Tyuiu.ShunanovKE.Sprint1.Task4.V13\Tyuiu.ShunanovKE.Sprint1.Task4.V13.csproj", "{5C94563E-0EAF-4633-A7AD-0A4647D542B3}"
EndProject
Project("{FAE04EC0-301F-11D3-BF4B-00C04F79EFBC}") = "Tyuiu.ShunanovKE.Sprint1.Task4.V13.Test", "Tyuiu.ShunanovKE.Sprint1.Task4.V13.Test\Tyuiu.ShunanovKE.Sprint1.Task4.V13.Test.csproj", "{C120DF4F-7B79-487C-BAA4-6AC0344C3101}"
EndProject
Project("{2150E333-8FDC-42A3-9474-1A3956D46DE8}") = "Task5", "Task5", "{E6018A3D-E88F-42D7-A9BD-0FBAF5D08131}"
EndProject
Project("{2150E333-8FDC-42A3-9474-1A3956D46DE8}") = "Task6", "Task6", "{915B8A98-47E8-440B-BED1-7B883F9B1D77}"
EndProject
Project("{2150E333-8FDC-42A3-9474-1A3956D46DE8}") = "Task7", "Task7", "{92EDBF6E-4529-4D7E-9404-DE5CCF5160ED}"
EndProject
Project("{FAE04EC0-301F-11D3-BF4B-00C04F79EFBC}") = "Tyuiu.ShunanovKE.Sprint1.Task5.V1", "Tyuiu.ShunanovKE.Sprint1.Task5.V1\Tyuiu.ShunanovKE.Sprint1.Task5.V1.csproj", "{823F4D31-5FC6-4AC9-AE73-44DC39DFAB72}"
EndProject
Project("{FAE04EC0-301F-11D3-BF4B-00C04F79EFBC}") = "Tyuiu.ShunanovKE.Sprint1.Task5.V1.Lib", "Tyuiu.ShunanovKE.Sprint1.Task5.V1.Lib\Tyuiu.ShunanovKE.Sprint1.Task5.V1.Lib.csproj", "{4300B231-EC26-4214-8509-08E3AFCFE9C2}"
EndProject
Project("{FAE04EC0-301F-11D3-BF4B-00C04F79EFBC}") = "Tyuiu.ShunanovKE.Sprint1.Task5.V1.Test", "Tyuiu.ShunanovKE.Sprint1.Task5.V1.Test\Tyuiu.ShunanovKE.Sprint1.Task5.V1.Test.csproj", "{1AAC55D3-0D8C-41A7-9048-B887EA7BADF2}"
EndProject
Project("{FAE04EC0-301F-11D3-BF4B-00C04F79EFBC}") = "Tyuiu.ShunanovKE.Sprint1.Task6.V9", "Tyuiu.ShunanovKE.Sprint1.Task6.V9\Tyuiu.ShunanovKE.Sprint1.Task6.V9.csproj", "{B033A433-B612-4333-9A9A-02CE41B59862}"
EndProject
Project("{FAE04EC0-301F-11D3-BF4B-00C04F79EFBC}") = "Tyuiu.ShunanovKE.Sprint1.Task6.V9.Lib", "Tyuiu.ShunanovKE.Sprint1.Task6.V9.Lib\Tyuiu.ShunanovKE.Sprint1.Task6.V9.Lib.csproj", "{DA4E77F6-739F-48E8-8829-50BE6E7F4EA2}"
EndProject
Project("{FAE04EC0-301F-11D3-BF4B-00C04F79EFBC}") = "Tyuiu.ShunanovKE.Sprint1.Task6.V9.Test", "Tyuiu.ShunanovKE.Sprint1.Task6.V9.Test\Tyuiu.ShunanovKE.Sprint1.Task6.V9.Test.csproj", "{88F25B6F-81AC-445F-B4C2-E498271AAA45}"
EndProject
Project("{FAE04EC0-301F-11D3-BF4B-00C04F79EFBC}") = "Tyuiu.ShunanovKE.Sprint1.Task7.V24", "Tyuiu.ShunanovKE.Sprint1.Task7.V24\Tyuiu.ShunanovKE.Sprint1.Task7.V24.csproj", "{2C9CEA3F-0F02-4BD3-8BC0-62EECD98D57B}"
EndProject
Project("{FAE04EC0-301F-11D3-BF4B-00C04F79EFBC}") = "Tyuiu.ShunanovKE.Sprint1.Task7.V24.Lib", "Tyuiu.ShunanovKE.Sprint1.Task7.V24.Lib\Tyuiu.ShunanovKE.Sprint1.Task7.V24.Lib.csproj", "{1EC29679-83C6-4D8A-8791-BE4A79E443EE}"
EndProject
Project("{FAE04EC0-301F-11D3-BF4B-00C04F79EFBC}") = "Tyuiu.ShunanovKE.Sprint1.Task7.V24.Test", "Tyuiu.ShunanovKE.Sprint1.Task7.V24.Test\Tyuiu.ShunanovKE.Sprint1.Task7.V24.Test.csproj", "{9C675DE8-6088-4456-AD51-216B5E6ACF05}"
EndProject
Global
	GlobalSection(SolutionConfigurationPlatforms) = preSolution
		Debug|Any CPU = Debug|Any CPU
		Release|Any CPU = Release|Any CPU
	EndGlobalSection
	GlobalSection(ProjectConfigurationPlatforms) = postSolution
		{21B45C98-9332-4445-B9D7-63F06EF1E7CE}.Debug|Any CPU.ActiveCfg = Debug|Any CPU
		{21B45C98-9332-4445-B9D7-63F06EF1E7CE}.Debug|Any CPU.Build.0 = Debug|Any CPU
		{21B45C98-9332-4445-B9D7-63F06EF1E7CE}.Release|Any CPU.ActiveCfg = Release|Any CPU
		{21B45C98-9332-4445-B9D7-63F06EF1E7CE}.Release|Any CPU.Build.0 = Release|Any CPU
		{39A4F85C-AA03-4B05-A4F9-01FB110859D6}.Debug|Any CPU.ActiveCfg = Debug|Any CPU
		{39A4F85C-AA03-4B05-A4F9-01FB110859D6}.Debug|Any CPU.Build.0 = Debug|Any CPU
		{39A4F85C-AA03-4B05-A4F9-01FB110859D6}.Release|Any CPU.ActiveCfg = Release|Any CPU
		{39A4F85C-AA03-4B05-A4F9-01FB110859D6}.Release|Any CPU.Build.0 = Release|Any CPU
		{2FDA2B3C-18E3-44F4-8F16-2CC4C6049837}.Debug|Any CPU.ActiveCfg = Debug|Any CPU
		{2FDA2B3C-18E3-44F4-8F16-2CC4C6049837}.Debug|Any CPU.Build.0 = Debug|Any CPU
		{2FDA2B3C-18E3-44F4-8F16-2CC4C6049837}.Release|Any CPU.ActiveCfg = Release|Any CPU
		{2FDA2B3C-18E3-44F4-8F16-2CC4C6049837}.Release|Any CPU.Build.0 = Release|Any CPU
		{3AA93B63-A8E3-4957-A9B4-28E80EC5BC57}.Debug|Any CPU.ActiveCfg = Debug|Any CPU
		{3AA93B63-A8E3-4957-A9B4-28E80EC5BC57}.Debug|Any CPU.Build.0 = Debug|Any CPU
		{3AA93B63-A8E3-4957-A9B4-28E80EC5BC57}.Release|Any CPU.ActiveCfg = Release|Any CPU
		{3AA93B63-A8E3-4957-A9B4-28E80EC5BC57}.Release|Any CPU.Build.0 = Release|Any CPU
		{86624311-0723-4B29-9ED6-335F591F2680}.Debug|Any CPU.ActiveCfg = Debug|Any CPU
		{86624311-0723-4B29-9ED6-335F591F2680}.Debug|Any CPU.Build.0 = Debug|Any CPU
		{86624311-0723-4B29-9ED6-335F591F2680}.Release|Any CPU.ActiveCfg = Release|Any CPU
		{86624311-0723-4B29-9ED6-335F591F2680}.Release|Any CPU.Build.0 = Release|Any CPU
		{ECB83255-9852-49FE-9BAA-85C295887428}.Debug|Any CPU.ActiveCfg = Debug|Any CPU
		{ECB83255-9852-49FE-9BAA-85C295887428}.Debug|Any CPU.Build.0 = Debug|Any CPU
		{ECB83255-9852-49FE-9BAA-85C295887428}.Release|Any CPU.ActiveCfg = Release|Any CPU
		{ECB83255-9852-49FE-9BAA-85C295887428}.Release|Any CPU.Build.0 = Release|Any CPU
		{24948E68-6C6E-4843-B973-754EEACDA82A}.Debug|Any CPU.ActiveCfg = Debug|Any CPU
		{24948E68-6C6E-4843-B973-754EEACDA82A}.Debug|Any CPU.Build.0 = Debug|Any CPU
		{24948E68-6C6E-4843-B973-754EEACDA82A}.Release|Any CPU.ActiveCfg = Release|Any CPU
		{24948E68-6C6E-4843-B973-754EEACDA82A}.Release|Any CPU.Build.0 = Release|Any CPU
		{9717218A-3EDE-466E-A2F3-26A2DAEA5EDB}.Debug|Any CPU.ActiveCfg = Debug|Any CPU
		{9717218A-3EDE-466E-A2F3-26A2DAEA5EDB}.Debug|Any CPU.Build.0 = Debug|Any CPU
		{9717218A-3EDE-466E-A2F3-26A2DAEA5EDB}.Release|Any CPU.ActiveCfg = Release|Any CPU
		{9717218A-3EDE-466E-A2F3-26A2DAEA5EDB}.Release|Any CPU.Build.0 = Release|Any CPU
		{BD7FD2A2-B26C-4BD1-ACBD-6B181682E150}.Debug|Any CPU.ActiveCfg = Debug|Any CPU
		{BD7FD2A2-B26C-4BD1-ACBD-6B181682E150}.Debug|Any CPU.Build.0 = Debug|Any CPU
		{BD7FD2A2-B26C-4BD1-ACBD-6B181682E150}.Release|Any CPU.ActiveCfg = Release|Any CPU
		{BD7FD2A2-B26C-4BD1-ACBD-6B181682E150}.Release|Any CPU.Build.0 = Release|Any CPU
		{B87E2D5C-4E1C-47ED-AA8E-29CE8E3CA5B1}.Debug|Any CPU.ActiveCfg = Debug|Any CPU
		{B87E2D5C-4E1C-47ED-AA8E-29CE8E3CA5B1}.Debug|Any CPU.Build.0 = Debug|Any CPU
		{B87E2D5C-4E1C-47ED-AA8E-29CE8E3CA5B1}.Release|Any CPU.ActiveCfg = Release|Any CPU
		{B87E2D5C-4E1C-47ED-AA8E-29CE8E3CA5B1}.Release|Any CPU.Build.0 = Release|Any CPU
		{154155C0-1868-4A38-8B7B-9B97BD66969C}.Debug|Any CPU.ActiveCfg = Debug|Any CPU
		{154155C0-1868-4A38-8B7B-9B97BD66969C}.Debug|Any CPU.Build.0 = Debug|Any CPU
		{154155C0-1868-4A38-8B7B-9B97BD66969C}.Release|Any CPU.ActiveCfg = Release|Any CPU
		{154155C0-1868-4A38-8B7B-9B97BD66969C}.Release|Any CPU.Build.0 = Release|Any CPU
		{219404A3-EAFC-456C-8BB5-2CC7F5918E62}.Debug|Any CPU.ActiveCfg = Debug|Any CPU
		{219404A3-EAFC-456C-8BB5-2CC7F5918E62}.Debug|Any CPU.Build.0 = Debug|Any CPU
		{219404A3-EAFC-456C-8BB5-2CC7F5918E62}.Release|Any CPU.ActiveCfg = Release|Any CPU
		{219404A3-EAFC-456C-8BB5-2CC7F5918E62}.Release|Any CPU.Build.0 = Release|Any CPU
		{200B1276-26DD-4D68-B776-4FAABCD5EEA4}.Debug|Any CPU.ActiveCfg = Debug|Any CPU
		{200B1276-26DD-4D68-B776-4FAABCD5EEA4}.Debug|Any CPU.Build.0 = Debug|Any CPU
		{200B1276-26DD-4D68-B776-4FAABCD5EEA4}.Release|Any CPU.ActiveCfg = Release|Any CPU
		{200B1276-26DD-4D68-B776-4FAABCD5EEA4}.Release|Any CPU.Build.0 = Release|Any CPU
		{5C94563E-0EAF-4633-A7AD-0A4647D542B3}.Debug|Any CPU.ActiveCfg = Debug|Any CPU
		{5C94563E-0EAF-4633-A7AD-0A4647D542B3}.Debug|Any CPU.Build.0 = Debug|Any CPU
		{5C94563E-0EAF-4633-A7AD-0A4647D542B3}.Release|Any CPU.ActiveCfg = Release|Any CPU
		{5C94563E-0EAF-4633-A7AD-0A4647D542B3}.Release|Any CPU.Build.0 = Release|Any CPU
		{C120DF4F-7B79-487C-BAA4-6AC0344C3101}.Debug|Any CPU.ActiveCfg = Debug|Any CPU
		{C120DF4F-7B79-487C-BAA4-6AC0344C3101}.Debug|Any CPU.Build.0 = Debug|Any CPU
		{C120DF4F-7B79-487C-BAA4-6AC0344C3101}.Release|Any CPU.ActiveCfg = Release|Any CPU
		{C120DF4F-7B79-487C-BAA4-6AC0344C3101}.Release|Any CPU.Build.0 = Release|Any CPU
		{823F4D31-5FC6-4AC9-AE73-44DC39DFAB72}.Debug|Any CPU.ActiveCfg = Debug|Any CPU
		{823F4D31-5FC6-4AC9-AE73-44DC39DFAB72}.Debug|Any CPU.Build.0 = Debug|Any CPU
		{823F4D31-5FC6-4AC9-AE73-44DC39DFAB72}.Release|Any CPU.ActiveCfg = Release|Any CPU
		{823F4D31-5FC6-4AC9-AE73-44DC39DFAB72}.Release|Any CPU.Build.0 = Release|Any CPU
		{4300B231-EC26-4214-8509-08E3AFCFE9C2}.Debug|Any CPU.ActiveCfg = Debug|Any CPU
		{4300B231-EC26-4214-8509-08E3AFCFE9C2}.Debug|Any CPU.Build.0 = Debug|Any CPU
		{4300B231-EC26-4214-8509-08E3AFCFE9C2}.Release|Any CPU.ActiveCfg = Release|Any CPU
		{4300B231-EC26-4214-8509-08E3AFCFE9C2}.Release|Any CPU.Build.0 = Release|Any CPU
		{1AAC55D3-0D8C-41A7-9048-B887EA7BADF2}.Debug|Any CPU.ActiveCfg = Debug|Any CPU
		{1AAC55D3-0D8C-41A7-9048-B887EA7BADF2}.Debug|Any CPU.Build.0 = Debug|Any CPU
		{1AAC55D3-0D8C-41A7-9048-B887EA7BADF2}.Release|Any CPU.ActiveCfg = Release|Any CPU
		{1AAC55D3-0D8C-41A7-9048-B887EA7BADF2}.Release|Any CPU.Build.0 = Release|Any CPU
		{B033A433-B612-4333-9A9A-02CE41B59862}.Debug|Any CPU.ActiveCfg = Debug|Any CPU
		{B033A433-B612-4333-9A9A-02CE41B59862}.Debug|Any CPU.Build.0 = Debug|Any CPU
		{B033A433-B612-4333-9A9A-02CE41B59862}.Release|Any CPU.ActiveCfg = Release|Any CPU
		{B033A433-B612-4333-9A9A-02CE41B59862}.Release|Any CPU.Build.0 = Release|Any CPU
		{DA4E77F6-739F-48E8-8829-50BE6E7F4EA2}.Debug|Any CPU.ActiveCfg = Debug|Any CPU
		{DA4E77F6-739F-48E8-8829-50BE6E7F4EA2}.Debug|Any CPU.Build.0 = Debug|Any CPU
		{DA4E77F6-739F-48E8-8829-50BE6E7F4EA2}.Release|Any CPU.ActiveCfg = Release|Any CPU
		{DA4E77F6-739F-48E8-8829-50BE6E7F4EA2}.Release|Any CPU.Build.0 = Release|Any CPU
		{88F25B6F-81AC-445F-B4C2-E498271AAA45}.Debug|Any CPU.ActiveCfg = Debug|Any CPU
		{88F25B6F-81AC-445F-B4C2-E498271AAA45}.Debug|Any CPU.Build.0 = Debug|Any CPU
		{88F25B6F-81AC-445F-B4C2-E498271AAA45}.Release|Any CPU.ActiveCfg = Release|Any CPU
		{88F25B6F-81AC-445F-B4C2-E498271AAA45}.Release|Any CPU.Build.0 = Release|Any CPU
		{2C9CEA3F-0F02-4BD3-8BC0-62EECD98D57B}.Debug|Any CPU.ActiveCfg = Debug|Any CPU
		{2C9CEA3F-0F02-4BD3-8BC0-62EECD98D57B}.Debug|Any CPU.Build.0 = Debug|Any CPU
		{2C9CEA3F-0F02-4BD3-8BC0-62EECD98D57B}.Release|Any CPU.ActiveCfg = Release|Any CPU
		{2C9CEA3F-0F02-4BD3-8BC0-62EECD98D57B}.Release|Any CPU.Build.0 = Release|Any CPU
		{1EC29679-83C6-4D8A-8791-BE4A79E443EE}.Debug|Any CPU.ActiveCfg = Debug|Any CPU
		{1EC29679-83C6-4D8A-8791-BE4A79E443EE}.Debug|Any CPU.Build.0 = Debug|Any CPU
		{1EC29679-83C6-4D8A-8791-BE4A79E443EE}.Release|Any CPU.ActiveCfg = Release|Any CPU
		{1EC29679-83C6-4D8A-8791-BE4A79E443EE}.Release|Any CPU.Build.0 = Release|Any CPU
		{9C675DE8-6088-4456-AD51-216B5E6ACF05}.Debug|Any CPU.ActiveCfg = Debug|Any CPU
		{9C675DE8-6088-4456-AD51-216B5E6ACF05}.Debug|Any CPU.Build.0 = Debug|Any CPU
		{9C675DE8-6088-4456-AD51-216B5E6ACF05}.Release|Any CPU.ActiveCfg = Release|Any CPU
		{9C675DE8-6088-4456-AD51-216B5E6ACF05}.Release|Any CPU.Build.0 = Release|Any CPU
	EndGlobalSection
	GlobalSection(SolutionProperties) = preSolution
		HideSolutionNode = FALSE
	EndGlobalSection
	GlobalSection(NestedProjects) = preSolution
		{21B45C98-9332-4445-B9D7-63F06EF1E7CE} = {CA08FF7A-8369-42EE-AD75-749EE89E2D41}
		{39A4F85C-AA03-4B05-A4F9-01FB110859D6} = {CA08FF7A-8369-42EE-AD75-749EE89E2D41}
		{2FDA2B3C-18E3-44F4-8F16-2CC4C6049837} = {CA08FF7A-8369-42EE-AD75-749EE89E2D41}
		{3AA93B63-A8E3-4957-A9B4-28E80EC5BC57} = {E78A0F12-A2DF-4514-9034-20040CDEADA3}
		{86624311-0723-4B29-9ED6-335F591F2680} = {E78A0F12-A2DF-4514-9034-20040CDEADA3}
		{ECB83255-9852-49FE-9BAA-85C295887428} = {E78A0F12-A2DF-4514-9034-20040CDEADA3}
		{24948E68-6C6E-4843-B973-754EEACDA82A} = {B6EE4B49-677E-4072-A7FA-C47E355E2168}
		{9717218A-3EDE-466E-A2F3-26A2DAEA5EDB} = {B6EE4B49-677E-4072-A7FA-C47E355E2168}
		{BD7FD2A2-B26C-4BD1-ACBD-6B181682E150} = {B6EE4B49-677E-4072-A7FA-C47E355E2168}
		{B87E2D5C-4E1C-47ED-AA8E-29CE8E3CA5B1} = {BB8667A5-7E93-4AFF-A0BB-5C686BAF8E97}
		{154155C0-1868-4A38-8B7B-9B97BD66969C} = {BB8667A5-7E93-4AFF-A0BB-5C686BAF8E97}
		{219404A3-EAFC-456C-8BB5-2CC7F5918E62} = {BB8667A5-7E93-4AFF-A0BB-5C686BAF8E97}
		{200B1276-26DD-4D68-B776-4FAABCD5EEA4} = {F1761E27-B9DD-4184-A238-E338A4F7D021}
		{5C94563E-0EAF-4633-A7AD-0A4647D542B3} = {F1761E27-B9DD-4184-A238-E338A4F7D021}
		{C120DF4F-7B79-487C-BAA4-6AC0344C3101} = {F1761E27-B9DD-4184-A238-E338A4F7D021}
		{823F4D31-5FC6-4AC9-AE73-44DC39DFAB72} = {E6018A3D-E88F-42D7-A9BD-0FBAF5D08131}
		{4300B231-EC26-4214-8509-08E3AFCFE9C2} = {E6018A3D-E88F-42D7-A9BD-0FBAF5D08131}
		{1AAC55D3-0D8C-41A7-9048-B887EA7BADF2} = {E6018A3D-E88F-42D7-A9BD-0FBAF5D08131}
		{B033A433-B612-4333-9A9A-02CE41B59862} = {915B8A98-47E8-440B-BED1-7B883F9B1D77}
		{DA4E77F6-739F-48E8-8829-50BE6E7F4EA2} = {915B8A98-47E8-440B-BED1-7B883F9B1D77}
		{88F25B6F-81AC-445F-B4C2-E498271AAA45} = {915B8A98-47E8-440B-BED1-7B883F9B1D77}
		{2C9CEA3F-0F02-4BD3-8BC0-62EECD98D57B} = {92EDBF6E-4529-4D7E-9404-DE5CCF5160ED}
		{1EC29679-83C6-4D8A-8791-BE4A79E443EE} = {92EDBF6E-4529-4D7E-9404-DE5CCF5160ED}
		{9C675DE8-6088-4456-AD51-216B5E6ACF05} = {92EDBF6E-4529-4D7E-9404-DE5CCF5160ED}
	EndGlobalSection
	GlobalSection(ExtensibilityGlobals) = postSolution
		SolutionGuid = {AC666788-B71D-4026-8017-7C8C89720714}
	EndGlobalSection
EndGlobal
