
Microsoft Visual Studio Solution File, Format Version 12.00
# Visual Studio Version 16
VisualStudioVersion = 16.0.33927.289
MinimumVisualStudioVersion = 10.0.40219.1
Project("{2150E333-8FDC-42A3-9474-1A3956D46DE8}") = "Task1", "Task1", "{E78A0F12-A2DF-4514-9034-20040CDEADA3}"
EndProject
Project("{2150E333-8FDC-42A3-9474-1A3956D46DE8}") = "Task2", "Task2", "{B6EE4B49-677E-4072-A7FA-C47E355E2168}"
EndProject
Project("{2150E333-8FDC-42A3-9474-1A3956D46DE8}") = "Task0", "Task0", "{CA08FF7A-8369-42EE-AD75-749EE89E2D41}"
EndProject
Project("{FAE04EC0-301F-11D3-BF4B-00C04F79EFBC}") = "Tyuiu.ShunanovKE.Sprint1.Task0.V30", "Tyuiu.ShunanovKE.Sprint1.Task0.V30\Tyuiu.ShunanovKE.Sprint1.Task0.V30.csproj", "{21B45C98-9332-4445-B9D7-63F06EF1E7CE}"
EndProject
Project("{FAE04EC0-301F-11D3-BF4B-00C04F79EFBC}") = "Tyuiu.ShunanovKE.Sprint1.Task0.V30.Lib", "Tyuiu.ShunanovKE.Sprint1.Task0.V30.Lib\Tyuiu.ShunanovKE.Sprint1.Task0.V30.Lib.csproj", "{39A4F85C-AA03-4B05-A4F9-01FB110859D6}"
EndProject
Project("{FAE04EC0-301F-11D3-BF4B-00C04F79EFBC}") = "Tyuiu.ShunanovKE.Sprint1.Task0.V30.Test", "Tyuiu.ShunanovKE.Sprint1.Task0.V30.Test\Tyuiu.ShunanovKE.Sprint1.Task0.V30.Test.csproj", "{2FDA2B3C-18E3-44F4-8F16-2CC4C6049837}"
EndProject
Project("{FAE04EC0-301F-11D3-BF4B-00C04F79EFBC}") = "Tyuiu.ShunanovKE.Sprint1.Task1.V26", "Tyuiu.ShunanovKE.Sprint1.Task1.V26\Tyuiu.ShunanovKE.Sprint1.Task1.V26.csproj", "{3AA93B63-A8E3-4957-A9B4-28E80EC5BC57}"
EndProject
Project("{FAE04EC0-301F-11D3-BF4B-00C04F79EFBC}") = "Tyuiu.ShunanovKE.Sprint1.Task1.V26.Lib", "Tyuiu.ShunanovKE.Sprint1.Task1.V26.Lib\Tyuiu.ShunanovKE.Sprint1.Task1.V26.Lib.csproj", "{86624311-0723-4B29-9ED6-335F591F2680}"
EndProject
Project("{FAE04EC0-301F-11D3-BF4B-00C04F79EFBC}") = "Tyuiu.ShunanovKE.Sprint1.Task1.V26.Test", "Tyuiu.ShunanovKE.Sprint1.Task1.V26.Test\Tyuiu.ShunanovKE.Sprint1.Task1.V26.Test.csproj", "{ECB83255-9852-49FE-9BAA-85C295887428}"
EndProject
Global
	GlobalSection(SolutionConfigurationPlatforms) = preSolution
		Debug|Any CPU = Debug|Any CPU
		Release|Any CPU = Release|Any CPU
	EndGlobalSection
	GlobalSection(ProjectConfigurationPlatforms) = postSolution
		{21B45C98-9332-4445-B9D7-63F06EF1E7CE}.Debug|Any CPU.ActiveCfg = Debug|Any CPU
		{21B45C98-9332-4445-B9D7-63F06EF1E7CE}.Debug|Any CPU.Build.0 = Debug|Any CPU
		{21B45C98-9332-4445-B9D7-63F06EF1E7CE}.Release|Any CPU.ActiveCfg = Release|Any CPU
		{21B45C98-9332-4445-B9D7-63F06EF1E7CE}.Release|Any CPU.Build.0 = Release|Any CPU
		{39A4F85C-AA03-4B05-A4F9-01FB110859D6}.Debug|Any CPU.ActiveCfg = Debug|Any CPU
		{39A4F85C-AA03-4B05-A4F9-01FB110859D6}.Debug|Any CPU.Build.0 = Debug|Any CPU
		{39A4F85C-AA03-4B05-A4F9-01FB110859D6}.Release|Any CPU.ActiveCfg = Release|Any CPU
		{39A4F85C-AA03-4B05-A4F9-01FB110859D6}.Release|Any CPU.Build.0 = Release|Any CPU
		{2FDA2B3C-18E3-44F4-8F16-2CC4C6049837}.Debug|Any CPU.ActiveCfg = Debug|Any CPU
		{2FDA2B3C-18E3-44F4-8F16-2CC4C6049837}.Debug|Any CPU.Build.0 = Debug|Any CPU
		{2FDA2B3C-18E3-44F4-8F16-2CC4C6049837}.Release|Any CPU.ActiveCfg = Release|Any CPU
		{2FDA2B3C-18E3-44F4-8F16-2CC4C6049837}.Release|Any CPU.Build.0 = Release|Any CPU
		{3AA93B63-A8E3-4957-A9B4-28E80EC5BC57}.Debug|Any CPU.ActiveCfg = Debug|Any CPU
		{3AA93B63-A8E3-4957-A9B4-28E80EC5BC57}.Debug|Any CPU.Build.0 = Debug|Any CPU
		{3AA93B63-A8E3-4957-A9B4-28E80EC5BC57}.Release|Any CPU.ActiveCfg = Release|Any CPU
		{3AA93B63-A8E3-4957-A9B4-28E80EC5BC57}.Release|Any CPU.Build.0 = Release|Any CPU
		{86624311-0723-4B29-9ED6-335F591F2680}.Debug|Any CPU.ActiveCfg = Debug|Any CPU
		{86624311-0723-4B29-9ED6-335F591F2680}.Debug|Any CPU.Build.0 = Debug|Any CPU
		{86624311-0723-4B29-9ED6-335F591F2680}.Release|Any CPU.ActiveCfg = Release|Any CPU
		{86624311-0723-4B29-9ED6-335F591F2680}.Release|Any CPU.Build.0 = Release|Any CPU
		{ECB83255-9852-49FE-9BAA-85C295887428}.Debug|Any CPU.ActiveCfg = Debug|Any CPU
		{ECB83255-9852-49FE-9BAA-85C295887428}.Debug|Any CPU.Build.0 = Debug|Any CPU
		{ECB83255-9852-49FE-9BAA-85C295887428}.Release|Any CPU.ActiveCfg = Release|Any CPU
		{ECB83255-9852-49FE-9BAA-85C295887428}.Release|Any CPU.Build.0 = Release|Any CPU
	EndGlobalSection
	GlobalSection(SolutionProperties) = preSolution
		HideSolutionNode = FALSE
	EndGlobalSection
	GlobalSection(NestedProjects) = preSolution
		{21B45C98-9332-4445-B9D7-63F06EF1E7CE} = {CA08FF7A-8369-42EE-AD75-749EE89E2D41}
		{39A4F85C-AA03-4B05-A4F9-01FB110859D6} = {CA08FF7A-8369-42EE-AD75-749EE89E2D41}
		{2FDA2B3C-18E3-44F4-8F16-2CC4C6049837} = {CA08FF7A-8369-42EE-AD75-749EE89E2D41}
		{3AA93B63-A8E3-4957-A9B4-28E80EC5BC57} = {E78A0F12-A2DF-4514-9034-20040CDEADA3}
		{86624311-0723-4B29-9ED6-335F591F2680} = {E78A0F12-A2DF-4514-9034-20040CDEADA3}
		{ECB83255-9852-49FE-9BAA-85C295887428} = {E78A0F12-A2DF-4514-9034-20040CDEADA3}
	EndGlobalSection
	GlobalSection(ExtensibilityGlobals) = postSolution
		SolutionGuid = {AC666788-B71D-4026-8017-7C8C89720714}
	EndGlobalSection
EndGlobal
